
Microsoft Visual Studio Solution File, Format Version 12.00
# Visual Studio Version 16
VisualStudioVersion = 16.0.29215.179
MinimumVisualStudioVersion = 10.0.40219.1
Project("{8BC9CEB8-8B4A-11D0-8D11-00A0C91BC942}") = "OSTL", "OSTL.vcxproj", "{6A89FB15-F0DA-412C-B9F5-962C970664A2}"
EndProject
Project("{8BC9CEB8-8B4A-11D0-8D11-00A0C91BC942}") = "OSTL-Test", "OSTL-Test\OSTL-Test.vcxproj", "{57E3DF16-F253-4F98-AEED-7966894F3675}"
EndProject
Global
	GlobalSection(SolutionConfigurationPlatforms) = preSolution
		Debug|x64 = Debug|x64
		Debug|x86 = Debug|x86
		Release|x64 = Release|x64
		Release|x86 = Release|x86
	EndGlobalSection
	GlobalSection(ProjectConfigurationPlatforms) = postSolution
		{6A89FB15-F0DA-412C-B9F5-962C970664A2}.Debug|x64.ActiveCfg = Debug|x64
		{6A89FB15-F0DA-412C-B9F5-962C970664A2}.Debug|x64.Build.0 = Debug|x64
		{6A89FB15-F0DA-412C-B9F5-962C970664A2}.Debug|x86.ActiveCfg = Debug|Win32
		{6A89FB15-F0DA-412C-B9F5-962C970664A2}.Debug|x86.Build.0 = Debug|Win32
		{6A89FB15-F0DA-412C-B9F5-962C970664A2}.Release|x64.ActiveCfg = Release|x64
		{6A89FB15-F0DA-412C-B9F5-962C970664A2}.Release|x64.Build.0 = Release|x64
		{6A89FB15-F0DA-412C-B9F5-962C970664A2}.Release|x86.ActiveCfg = Release|Win32
		{6A89FB15-F0DA-412C-B9F5-962C970664A2}.Release|x86.Build.0 = Release|Win32
		{57E3DF16-F253-4F98-AEED-7966894F3675}.Debug|x64.ActiveCfg = Debug|x64
		{57E3DF16-F253-4F98-AEED-7966894F3675}.Debug|x64.Build.0 = Debug|x64
		{57E3DF16-F253-4F98-AEED-7966894F3675}.Debug|x86.ActiveCfg = Debug|Win32
		{57E3DF16-F253-4F98-AEED-7966894F3675}.Debug|x86.Build.0 = Debug|Win32
		{57E3DF16-F253-4F98-AEED-7966894F3675}.Release|x64.ActiveCfg = Release|x64
		{57E3DF16-F253-4F98-AEED-7966894F3675}.Release|x64.Build.0 = Release|x64
		{57E3DF16-F253-4F98-AEED-7966894F3675}.Release|x86.ActiveCfg = Release|Win32
		{57E3DF16-F253-4F98-AEED-7966894F3675}.Release|x86.Build.0 = Release|Win32
	EndGlobalSection
	GlobalSection(SolutionProperties) = preSolution
		HideSolutionNode = FALSE
	EndGlobalSection
	GlobalSection(ExtensibilityGlobals) = postSolution
		SolutionGuid = {BE18DDDE-8C0C-48DE-B95D-63D734422788}
	EndGlobalSection
EndGlobal
